lockfileVersion: 5.4

importers:

  .:
    specifiers:
      prettier: ^2.8.8
      prettier-plugin-package: ^1.3.0
    devDependencies:
      prettier: 2.8.8
      prettier-plugin-package: 1.3.0_prettier@2.8.8

packages:

  /prettier-plugin-package/1.3.0_prettier@2.8.8:
    resolution: {integrity: sha512-KPNHR/Jm2zTevBp1SnjzMnooO1BOQW2bixVbOp8flOJoW+dxdDwEncObfsKZdkjwrv6AIH4oWqm5EO/etDmK9Q==}
    engines: {node: '>=10.13.0'}
    peerDependencies:
      prettier: ^2.0.0
    dependencies:
      prettier: 2.8.8
    dev: true

  /prettier/2.8.8:
    resolution: {integrity: sha512-tdN8qQGvNjw4CHbY+XXk0JgCXn9QiF21a55rBe5LJAU+kDyC4WQn4+awm2Xfk2lQMk5fKup9XgzTZtGkjBdP9Q==}
    engines: {node: '>=10.13.0'}
    hasBin: true
    dev: true
